// !$*UTF8*$!
{
	archiveVersion = 1;
	classes = {
	};
	objectVersion = 48;
	objects = {

/* Begin PBXBuildFile section */
		FA1068711FB76D4A00D92072 /* AppDelegate.swift in Sources */ = {isa = PBXBuildFile; fileRef = FA1068701FB76D4A00D92072 /* AppDelegate.swift */; };
		FA1068761FB76D4A00D92072 /* Main.storyboard in Resources */ = {isa = PBXBuildFile; fileRef = FA1068741FB76D4A00D92072 /* Main.storyboard */; };
		FA1068781FB76D4A00D92072 /* Assets.xcassets in Resources */ = {isa = PBXBuildFile; fileRef = FA1068771FB76D4A00D92072 /* Assets.xcassets */; };
		FA10687B1FB76D4A00D92072 /* LaunchScreen.storyboard in Resources */ = {isa = PBXBuildFile; fileRef = FA1068791FB76D4A00D92072 /* LaunchScreen.storyboard */; };
		FAB0FCC51FC5D81A00D67386 /* UIBarButtonItem-Extenstion.swift in Sources */ = {isa = PBXBuildFile; fileRef = FAB0FCC41FC5D81A00D67386 /* UIBarButtonItem-Extenstion.swift */; };
		FAB0FCC71FC5E10400D67386 /* PageTitleView.swift in Sources */ = {isa = PBXBuildFile; fileRef = FAB0FCC61FC5E10400D67386 /* PageTitleView.swift */; };
		FAB0FCCA1FC5E4F800D67386 /* Common.swift in Sources */ = {isa = PBXBuildFile; fileRef = FAB0FCC91FC5E4F800D67386 /* Common.swift */; };
		FAEC37081FB7EA4500847201 /* Home.storyboard in Resources */ = {isa = PBXBuildFile; fileRef = FAEC37061FB7EA4500847201 /* Home.storyboard */; };
		FAEC370B1FB7EC4E00847201 /* Live.storyboard in Resources */ = {isa = PBXBuildFile; fileRef = FAEC37091FB7EC4E00847201 /* Live.storyboard */; };
		FAEC370E1FB7EC7B00847201 /* Follow.storyboard in Resources */ = {isa = PBXBuildFile; fileRef = FAEC370C1FB7EC7B00847201 /* Follow.storyboard */; };
		FAEC37111FB7ECA900847201 /* Profile.storyboard in Resources */ = {isa = PBXBuildFile; fileRef = FAEC370F1FB7ECA900847201 /* Profile.storyboard */; };
		FAEC371E1FB7F56F00847201 /* MainTabBarViewController.swift in Sources */ = {isa = PBXBuildFile; fileRef = FAEC371D1FB7F56F00847201 /* MainTabBarViewController.swift */; };
		FAEC373B1FB7F68F00847201 /* HomeViewController.swift in Sources */ = {isa = PBXBuildFile; fileRef = FAEC373A1FB7F68F00847201 /* HomeViewController.swift */; };
/* End PBXBuildFile section */

/* Begin PBXFileReference section */
		FA10686D1FB76D4A00D92072 /* DYZB.app */ = {isa = PBXFileReference; explicitFileType = wrapper.application; includeInIndex = 0; path = DYZB.app; sourceTree = BUILT_PRODUCTS_DIR; };
		FA1068701FB76D4A00D92072 /* AppDelegate.swift */ = {isa = PBXFileReference; lastKnownFileType = sourcecode.swift; path = AppDelegate.swift; sourceTree = "<group>"; };
		FA1068751FB76D4A00D92072 /* Base */ = {isa = PBXFileReference; lastKnownFileType = file.storyboard; name = Base; path = Base.lproj/Main.storyboard; sourceTree = "<group>"; };
		FA1068771FB76D4A00D92072 /* Assets.xcassets */ = {isa = PBXFileReference; lastKnownFileType = folder.assetcatalog; path = Assets.xcassets; sourceTree = "<group>"; };
		FA10687A1FB76D4A00D92072 /* Base */ = {isa = PBXFileReference; lastKnownFileType = file.storyboard; name = Base; path = Base.lproj/LaunchScreen.storyboard; sourceTree = "<group>"; };
		FA10687C1FB76D4A00D92072 /* Info.plist */ = {isa = PBXFileReference; lastKnownFileType = text.plist.xml; path = Info.plist; sourceTree = "<group>"; };
		FAB0FCC41FC5D81A00D67386 /* UIBarButtonItem-Extenstion.swift */ = {isa = PBXFileReference; lastKnownFileType = sourcecode.swift; path = "UIBarButtonItem-Extenstion.swift"; sourceTree = "<group>"; };
		FAB0FCC61FC5E10400D67386 /* PageTitleView.swift */ = {isa = PBXFileReference; lastKnownFileType = sourcecode.swift; path = PageTitleView.swift; sourceTree = "<group>"; };
		FAB0FCC91FC5E4F800D67386 /* Common.swift */ = {isa = PBXFileReference; lastKnownFileType = sourcecode.swift; path = Common.swift; sourceTree = "<group>"; };
		FAEC37071FB7EA4500847201 /* Base */ = {isa = PBXFileReference; lastKnownFileType = file.storyboard; name = Base; path = DYZB/Classes/Main/Base.lproj/Home.storyboard; sourceTree = "<group>"; };
		FAEC370A1FB7EC4E00847201 /* Base */ = {isa = PBXFileReference; lastKnownFileType = file.storyboard; name = Base; path = DYZB/Classes/Main/Base.lproj/Live.storyboard; sourceTree = "<group>"; };
		FAEC370D1FB7EC7B00847201 /* Base */ = {isa = PBXFileReference; lastKnownFileType = file.storyboard; name = Base; path = DYZB/Classes/Main/Base.lproj/Follow.storyboard; sourceTree = "<group>"; };
		FAEC37101FB7ECA900847201 /* Base */ = {isa = PBXFileReference; lastKnownFileType = file.storyboard; name = Base; path = DYZB/Classes/Main/Base.lproj/Profile.storyboard; sourceTree = "<group>"; };
		FAEC371D1FB7F56F00847201 /* MainTabBarViewController.swift */ = {isa = PBXFileReference; fileEncoding = 4; lastKnownFileType = sourcecode.swift; path = MainTabBarViewController.swift; sourceTree = "<group>"; };
		FAEC373A1FB7F68F00847201 /* HomeViewController.swift */ = {isa = PBXFileReference; lastKnownFileType = sourcecode.swift; path = HomeViewController.swift; sourceTree = "<group>"; };
/* End PBXFileReference section */

/* Begin PBXFrameworksBuildPhase section */
		FA10686A1FB76D4A00D92072 /* Frameworks */ = {
			isa = PBXFrameworksBuildPhase;
			buildActionMask = 2147483647;
			files = (
			);
			runOnlyForDeploymentPostprocessing = 0;
		};
/* End PBXFrameworksBuildPhase section */

/* Begin PBXGroup section */
		FA1068641FB76D4A00D92072 = {
			isa = PBXGroup;
			children = (
				FA10686F1FB76D4A00D92072 /* DYZB */,
				FA10686E1FB76D4A00D92072 /* Products */,
			);
			sourceTree = "<group>";
		};
		FA10686E1FB76D4A00D92072 /* Products */ = {
			isa = PBXGroup;
			children = (
				FA10686D1FB76D4A00D92072 /* DYZB.app */,
			);
			name = Products;
			sourceTree = "<group>";
		};
		FA10686F1FB76D4A00D92072 /* DYZB */ = {
			isa = PBXGroup;
			children = (
				FA1068821FB77D7F00D92072 /* Classes */,
				FA1068701FB76D4A00D92072 /* AppDelegate.swift */,
				FA1068771FB76D4A00D92072 /* Assets.xcassets */,
				FA1068791FB76D4A00D92072 /* LaunchScreen.storyboard */,
				FA10687C1FB76D4A00D92072 /* Info.plist */,
			);
			path = DYZB;
			sourceTree = "<group>";
		};
		FA1068821FB77D7F00D92072 /* Classes */ = {
			isa = PBXGroup;
			children = (
				FA1068861FB77D7F00D92072 /* Main */,
				FA1068841FB77D7F00D92072 /* Home */,
				FA1068851FB77D7F00D92072 /* Live */,
				FA1068831FB77D7F00D92072 /* Follow */,
				FA1068871FB77D7F00D92072 /* Profile */,
				FA1068881FB77D7F00D92072 /* Tools */,
			);
			path = Classes;
			sourceTree = "<group>";
		};
		FA1068831FB77D7F00D92072 /* Follow */ = {
			isa = PBXGroup;
			children = (
				FAEC37291FB7F5C300847201 /* Control */,
				FAEC37281FB7F5C300847201 /* Model */,
				FAEC372F1FB7F5C300847201 /* View */,
			);
			path = Follow;
			sourceTree = "<group>";
		};
		FA1068841FB77D7F00D92072 /* Home */ = {
			isa = PBXGroup;
			children = (
				FAEC37191FB7F47200847201 /* Control */,
				FAEC37171FB7F47200847201 /* Model */,
				FAEC37181FB7F47200847201 /* View */,
			);
			path = Home;
			sourceTree = "<group>";
		};
		FA1068851FB77D7F00D92072 /* Live */ = {
			isa = PBXGroup;
			children = (
				FAEC371F1FB7F5BB00847201 /* Control */,
				FAEC37251FB7F5BB00847201 /* Model */,
				FAEC37261FB7F5BB00847201 /* View */,
			);
			path = Live;
			sourceTree = "<group>";
		};
		FA1068861FB77D7F00D92072 /* Main */ = {
			isa = PBXGroup;
			children = (
				FAEC371C1FB7F56F00847201 /* Control */,
				FAEC371A1FB7F56F00847201 /* Model */,
				FAEC371B1FB7F56F00847201 /* View */,
			);
			path = Main;
			sourceTree = "<group>";
		};
		FA1068871FB77D7F00D92072 /* Profile */ = {
			isa = PBXGroup;
			children = (
				FAEC37311FB7F5CC00847201 /* Control */,
				FAEC37371FB7F5CC00847201 /* Model */,
				FAEC37381FB7F5CC00847201 /* View */,
			);
			path = Profile;
			sourceTree = "<group>";
		};
		FA1068881FB77D7F00D92072 /* Tools */ = {
			isa = PBXGroup;
			children = (
				FAB0FCC81FC5E4EC00D67386 /* Common */,
				FAB0FCC31FC5D7A100D67386 /* Extension */,
			);
			path = Tools;
			sourceTree = "<group>";
		};
		FAB0FCC31FC5D7A100D67386 /* Extension */ = {
			isa = PBXGroup;
			children = (
				FAB0FCC41FC5D81A00D67386 /* UIBarButtonItem-Extenstion.swift */,
			);
			path = Extension;
			sourceTree = "<group>";
		};
		FAB0FCC81FC5E4EC00D67386 /* Common */ = {
			isa = PBXGroup;
			children = (
				FAB0FCC91FC5E4F800D67386 /* Common.swift */,
			);
			path = Common;
			sourceTree = "<group>";
		};
		FAEC37171FB7F47200847201 /* Model */ = {
			isa = PBXGroup;
			children = (
			);
			path = Model;
			sourceTree = "<group>";
		};
		FAEC37181FB7F47200847201 /* View */ = {
			isa = PBXGroup;
			children = (
			);
			path = View;
			sourceTree = "<group>";
		};
		FAEC37191FB7F47200847201 /* Control */ = {
			isa = PBXGroup;
			children = (
				FAEC37061FB7EA4500847201 /* Home.storyboard */,
				FAEC373A1FB7F68F00847201 /* HomeViewController.swift */,
			);
			path = Control;
			sourceTree = "<group>";
		};
		FAEC371A1FB7F56F00847201 /* Model */ = {
			isa = PBXGroup;
			children = (
			);
			path = Model;
			sourceTree = "<group>";
		};
		FAEC371B1FB7F56F00847201 /* View */ = {
			isa = PBXGroup;
			children = (
				FAB0FCC61FC5E10400D67386 /* PageTitleView.swift */,
			);
			path = View;
			sourceTree = "<group>";
		};
		FAEC371C1FB7F56F00847201 /* Control */ = {
			isa = PBXGroup;
			children = (
				FA1068741FB76D4A00D92072 /* Main.storyboard */,
				FAEC371D1FB7F56F00847201 /* MainTabBarViewController.swift */,
			);
			path = Control;
			sourceTree = "<group>";
		};
		FAEC371F1FB7F5BB00847201 /* Control */ = {
			isa = PBXGroup;
			children = (
				FAEC37091FB7EC4E00847201 /* Live.storyboard */,
			);
			path = Control;
			sourceTree = "<group>";
		};
		FAEC37251FB7F5BB00847201 /* Model */ = {
			isa = PBXGroup;
			children = (
			);
			path = Model;
			sourceTree = "<group>";
		};
		FAEC37261FB7F5BB00847201 /* View */ = {
			isa = PBXGroup;
			children = (
			);
			path = View;
			sourceTree = "<group>";
		};
		FAEC37281FB7F5C300847201 /* Model */ = {
			isa = PBXGroup;
			children = (
			);
			path = Model;
			sourceTree = "<group>";
		};
		FAEC37291FB7F5C300847201 /* Control */ = {
			isa = PBXGroup;
			children = (
				FAEC370C1FB7EC7B00847201 /* Follow.storyboard */,
			);
			path = Control;
			sourceTree = "<group>";
		};
		FAEC372F1FB7F5C300847201 /* View */ = {
			isa = PBXGroup;
			children = (
			);
			path = View;
			sourceTree = "<group>";
		};
		FAEC37311FB7F5CC00847201 /* Control */ = {
			isa = PBXGroup;
			children = (
				FAEC370F1FB7ECA900847201 /* Profile.storyboard */,
			);
			path = Control;
			sourceTree = "<group>";
		};
		FAEC37371FB7F5CC00847201 /* Model */ = {
			isa = PBXGroup;
			children = (
			);
			path = Model;
			sourceTree = "<group>";
		};
		FAEC37381FB7F5CC00847201 /* View */ = {
			isa = PBXGroup;
			children = (
			);
			path = View;
			sourceTree = "<group>";
		};
/* End PBXGroup section */

/* Begin PBXNativeTarget section */
		FA10686C1FB76D4A00D92072 /* DYZB */ = {
			isa = PBXNativeTarget;
			buildConfigurationList = FA10687F1FB76D4A00D92072 /* Build configuration list for PBXNativeTarget "DYZB" */;
			buildPhases = (
				FA1068691FB76D4A00D92072 /* Sources */,
				FA10686A1FB76D4A00D92072 /* Frameworks */,
				FA10686B1FB76D4A00D92072 /* Resources */,
			);
			buildRules = (
			);
			dependencies = (
			);
			name = DYZB;
			productName = DYZB;
			productReference = FA10686D1FB76D4A00D92072 /* DYZB.app */;
			productType = "com.apple.product-type.application";
		};
/* End PBXNativeTarget section */

/* Begin PBXProject section */
		FA1068651FB76D4A00D92072 /* Project object */ = {
			isa = PBXProject;
			attributes = {
				LastSwiftUpdateCheck = 0910;
				LastUpgradeCheck = 0910;
				ORGANIZATIONNAME = "何洪涛";
				TargetAttributes = {
					FA10686C1FB76D4A00D92072 = {
						CreatedOnToolsVersion = 9.1;
						ProvisioningStyle = Automatic;
					};
				};
			};
			buildConfigurationList = FA1068681FB76D4A00D92072 /* Build configuration list for PBXProject "DYZB" */;
			compatibilityVersion = "Xcode 8.0";
			developmentRegion = en;
			hasScannedForEncodings = 0;
			knownRegions = (
				en,
				Base,
			);
			mainGroup = FA1068641FB76D4A00D92072;
			productRefGroup = FA10686E1FB76D4A00D92072 /* Products */;
			projectDirPath = "";
			projectRoot = "";
			targets = (
				FA10686C1FB76D4A00D92072 /* DYZB */,
			);
		};
/* End PBXProject section */

/* Begin PBXResourcesBuildPhase section */
		FA10686B1FB76D4A00D92072 /* Resources */ = {
			isa = PBXResourcesBuildPhase;
			buildActionMask = 2147483647;
			files = (
				FA10687B1FB76D4A00D92072 /* LaunchScreen.storyboard in Resources */,
				FA1068781FB76D4A00D92072 /* Assets.xcassets in Resources */,
				FA1068761FB76D4A00D92072 /* Main.storyboard in Resources */,
				FAEC370B1FB7EC4E00847201 /* Live.storyboard in Resources */,
				FAEC37081FB7EA4500847201 /* Home.storyboard in Resources */,
				FAEC37111FB7ECA900847201 /* Profile.storyboard in Resources */,
				FAEC370E1FB7EC7B00847201 /* Follow.storyboard in Resources */,
			);
			runOnlyForDeploymentPostprocessing = 0;
		};
/* End PBXResourcesBuildPhase section */

/* Begin PBXSourcesBuildPhase section */
		FA1068691FB76D4A00D92072 /* Sources */ = {
			isa = PBXSourcesBuildPhase;
			buildActionMask = 2147483647;
			files = (
				FA1068711FB76D4A00D92072 /* AppDelegate.swift in Sources */,
				FAEC371E1FB7F56F00847201 /* MainTabBarViewController.swift in Sources */,
				FAB0FCC71FC5E10400D67386 /* PageTitleView.swift in Sources */,
				FAB0FCC51FC5D81A00D67386 /* UIBarButtonItem-Extenstion.swift in Sources */,
				FAB0FCCA1FC5E4F800D67386 /* Common.swift in Sources */,
				FAEC373B1FB7F68F00847201 /* HomeViewController.swift in Sources */,
			);
			runOnlyForDeploymentPostprocessing = 0;
		};
/* End PBXSourcesBuildPhase section */

/* Begin PBXVariantGroup section */
		FA1068741FB76D4A00D92072 /* Main.storyboard */ = {
			isa = PBXVariantGroup;
			children = (
				FA1068751FB76D4A00D92072 /* Base */,
			);
			name = Main.storyboard;
			sourceTree = "<group>";
		};
		FA1068791FB76D4A00D92072 /* LaunchScreen.storyboard */ = {
			isa = PBXVariantGroup;
			children = (
				FA10687A1FB76D4A00D92072 /* Base */,
			);
			name = LaunchScreen.storyboard;
			sourceTree = "<group>";
		};
		FAEC37061FB7EA4500847201 /* Home.storyboard */ = {
			isa = PBXVariantGroup;
			children = (
				FAEC37071FB7EA4500847201 /* Base */,
			);
			name = Home.storyboard;
			sourceTree = "<group>";
		};
		FAEC37091FB7EC4E00847201 /* Live.storyboard */ = {
			isa = PBXVariantGroup;
			children = (
				FAEC370A1FB7EC4E00847201 /* Base */,
			);
			name = Live.storyboard;
			sourceTree = "<group>";
		};
		FAEC370C1FB7EC7B00847201 /* Follow.storyboard */ = {
			isa = PBXVariantGroup;
			children = (
				FAEC370D1FB7EC7B00847201 /* Base */,
			);
			name = Follow.storyboard;
			sourceTree = "<group>";
		};
		FAEC370F1FB7ECA900847201 /* Profile.storyboard */ = {
			isa = PBXVariantGroup;
			children = (
				FAEC37101FB7ECA900847201 /* Base */,
			);
			name = Profile.storyboard;
			sourceTree = "<group>";
		};
/* End PBXVariantGroup section */

/* Begin XCBuildConfiguration section */
		FA10687D1FB76D4A00D92072 /* Debug */ = {
			isa = XCBuildConfiguration;
			buildSettings = {
				ALWAYS_SEARCH_USER_PATHS = NO;
				CLANG_ANALYZER_NONNULL = YES;
				CLANG_ANALYZER_NUMBER_OBJECT_CONVERSION = YES_AGGRESSIVE;
				CLANG_CXX_LANGUAGE_STANDARD = "gnu++14";
				CLANG_CXX_LIBRARY = "libc++";
				CLANG_ENABLE_MODULES = YES;
				CLANG_ENABLE_OBJC_ARC = YES;
				CLANG_WARN_BLOCK_CAPTURE_AUTORELEASING = YES;
				CLANG_WARN_BOOL_CONVERSION = YES;
				CLANG_WARN_COMMA = YES;
				CLANG_WARN_CONSTANT_CONVERSION = YES;
				CLANG_WARN_DIRECT_OBJC_ISA_USAGE = YES_ERROR;
				CLANG_WARN_DOCUMENTATION_COMMENTS = YES;
				CLANG_WARN_EMPTY_BODY = YES;
				CLANG_WARN_ENUM_CONVERSION = YES;
				CLANG_WARN_INFINITE_RECURSION = YES;
				CLANG_WARN_INT_CONVERSION = YES;
				CLANG_WARN_NON_LITERAL_NULL_CONVERSION = YES;
				CLANG_WARN_OBJC_LITERAL_CONVERSION = YES;
				CLANG_WARN_OBJC_ROOT_CLASS = YES_ERROR;
				CLANG_WARN_RANGE_LOOP_ANALYSIS = YES;
				CLANG_WARN_STRICT_PROTOTYPES = YES;
				CLANG_WARN_SUSPICIOUS_MOVE = YES;
				CLANG_WARN_UNGUARDED_AVAILABILITY = YES_AGGRESSIVE;
				CLANG_WARN_UNREACHABLE_CODE = YES;
				CLANG_WARN__DUPLICATE_METHOD_MATCH = YES;
				CODE_SIGN_IDENTITY = "iPhone Developer";
				COPY_PHASE_STRIP = NO;
				DEBUG_INFORMATION_FORMAT = dwarf;
				ENABLE_STRICT_OBJC_MSGSEND = YES;
				ENABLE_TESTABILITY = YES;
				GCC_C_LANGUAGE_STANDARD = gnu11;
				GCC_DYNAMIC_NO_PIC = NO;
				GCC_NO_COMMON_BLOCKS = YES;
				GCC_OPTIMIZATION_LEVEL = 0;
				GCC_PREPROCESSOR_DEFINITIONS = (
					"DEBUG=1",
					"$(inherited)",
				);
				GCC_WARN_64_TO_32_BIT_CONVERSION = YES;
				GCC_WARN_ABOUT_RETURN_TYPE = YES_ERROR;
				GCC_WARN_UNDECLARED_SELECTOR = YES;
				GCC_WARN_UNINITIALIZED_AUTOS = YES_AGGRESSIVE;
				GCC_WARN_UNUSED_FUNCTION = YES;
				GCC_WARN_UNUSED_VARIABLE = YES;
				IPHONEOS_DEPLOYMENT_TARGET = 11.1;
				MTL_ENABLE_DEBUG_INFO = YES;
				ONLY_ACTIVE_ARCH = YES;
				SDKROOT = iphoneos;
				SWIFT_ACTIVE_COMPILATION_CONDITIONS = DEBUG;
				SWIFT_OPTIMIZATION_LEVEL = "-Onone";
			};
			name = Debug;
		};
		FA10687E1FB76D4A00D92072 /* Release */ = {
			isa = XCBuildConfiguration;
			buildSettings = {
				ALWAYS_SEARCH_USER_PATHS = NO;
				CLANG_ANALYZER_NONNULL = YES;
				CLANG_ANALYZER_NUMBER_OBJECT_CONVERSION = YES_AGGRESSIVE;
				CLANG_CXX_LANGUAGE_STANDARD = "gnu++14";
				CLANG_CXX_LIBRARY = "libc++";
				CLANG_ENABLE_MODULES = YES;
				CLANG_ENABLE_OBJC_ARC = YES;
				CLANG_WARN_BLOCK_CAPTURE_AUTORELEASING = YES;
				CLANG_WARN_BOOL_CONVERSION = YES;
				CLANG_WARN_COMMA = YES;
				CLANG_WARN_CONSTANT_CONVERSION = YES;
				CLANG_WARN_DIRECT_OBJC_ISA_USAGE = YES_ERROR;
				CLANG_WARN_DOCUMENTATION_COMMENTS = YES;
				CLANG_WARN_EMPTY_BODY = YES;
				CLANG_WARN_ENUM_CONVERSION = YES;
				CLANG_WARN_INFINITE_RECURSION = YES;
				CLANG_WARN_INT_CONVERSION = YES;
				CLANG_WARN_NON_LITERAL_NULL_CONVERSION = YES;
				CLANG_WARN_OBJC_LITERAL_CONVERSION = YES;
				CLANG_WARN_OBJC_ROOT_CLASS = YES_ERROR;
				CLANG_WARN_RANGE_LOOP_ANALYSIS = YES;
				CLANG_WARN_STRICT_PROTOTYPES = YES;
				CLANG_WARN_SUSPICIOUS_MOVE = YES;
				CLANG_WARN_UNGUARDED_AVAILABILITY = YES_AGGRESSIVE;
				CLANG_WARN_UNREACHABLE_CODE = YES;
				CLANG_WARN__DUPLICATE_METHOD_MATCH = YES;
				CODE_SIGN_IDENTITY = "iPhone Developer";
				COPY_PHASE_STRIP = NO;
				DEBUG_INFORMATION_FORMAT = "dwarf-with-dsym";
				ENABLE_NS_ASSERTIONS = NO;
				ENABLE_STRICT_OBJC_MSGSEND = YES;
				GCC_C_LANGUAGE_STANDARD = gnu11;
				GCC_NO_COMMON_BLOCKS = YES;
				GCC_WARN_64_TO_32_BIT_CONVERSION = YES;
				GCC_WARN_ABOUT_RETURN_TYPE = YES_ERROR;
				GCC_WARN_UNDECLARED_SELECTOR = YES;
				GCC_WARN_UNINITIALIZED_AUTOS = YES_AGGRESSIVE;
				GCC_WARN_UNUSED_FUNCTION = YES;
				GCC_WARN_UNUSED_VARIABLE = YES;
				IPHONEOS_DEPLOYMENT_TARGET = 11.1;
				MTL_ENABLE_DEBUG_INFO = NO;
				SDKROOT = iphoneos;
				SWIFT_OPTIMIZATION_LEVEL = "-Owholemodule";
				VALIDATE_PRODUCT = YES;
			};
			name = Release;
		};
		FA1068801FB76D4A00D92072 /* Debug */ = {
			isa = XCBuildConfiguration;
			buildSettings = {
				ASSETCATALOG_COMPILER_APPICON_NAME = AppIcon;
				ASSETCATALOG_COMPILER_LAUNCHIMAGE_NAME = LaunchImage;
				CODE_SIGN_STYLE = Automatic;
				GCC_PRECOMPILE_PREFIX_HEADER = YES;
				GCC_PREFIX_HEADER = "$(SRCROOT)/DYZB/Classes/Tools/Common/Common.swift";
				INFOPLIST_FILE = DYZB/Info.plist;
				IPHONEOS_DEPLOYMENT_TARGET = 9.0;
				LD_RUNPATH_SEARCH_PATHS = "$(inherited) @executable_path/Frameworks";
				PRODUCT_BUNDLE_IDENTIFIER = com.hht.DYZB;
				PRODUCT_NAME = "$(TARGET_NAME)";
				SWIFT_VERSION = 4.0;
				TARGETED_DEVICE_FAMILY = "1,2";
			};
			name = Debug;
		};
		FA1068811FB76D4A00D92072 /* Release */ = {
			isa = XCBuildConfiguration;
			buildSettings = {
				ASSETCATALOG_COMPILER_APPICON_NAME = AppIcon;
				ASSETCATALOG_COMPILER_LAUNCHIMAGE_NAME = LaunchImage;
				CODE_SIGN_STYLE = Automatic;
				GCC_PRECOMPILE_PREFIX_HEADER = YES;
				GCC_PREFIX_HEADER = "$(SRCROOT)/DYZB/Classes/Tools/Common/Common.swift";
				INFOPLIST_FILE = DYZB/Info.plist;
				IPHONEOS_DEPLOYMENT_TARGET = 9.0;
				LD_RUNPATH_SEARCH_PATHS = "$(inherited) @executable_path/Frameworks";
				PRODUCT_BUNDLE_IDENTIFIER = com.hht.DYZB;
				PRODUCT_NAME = "$(TARGET_NAME)";
				SWIFT_VERSION = 4.0;
				TARGETED_DEVICE_FAMILY = "1,2";
			};
			name = Release;
		};
/* End XCBuildConfiguration section */

/* Begin XCConfigurationList section */
		FA1068681FB76D4A00D92072 /* Build configuration list for PBXProject "DYZB" */ = {
			isa = XCConfigurationList;
			buildConfigurations = (
				FA10687D1FB76D4A00D92072 /* Debug */,
				FA10687E1FB76D4A00D92072 /* Release */,
			);
			defaultConfigurationIsVisible = 0;
			defaultConfigurationName = Release;
		};
		FA10687F1FB76D4A00D92072 /* Build configuration list for PBXNativeTarget "DYZB" */ = {
			isa = XCConfigurationList;
			buildConfigurations = (
				FA1068801FB76D4A00D92072 /* Debug */,
				FA1068811FB76D4A00D92072 /* Release */,
			);
			defaultConfigurationIsVisible = 0;
			defaultConfigurationName = Release;
		};
/* End XCConfigurationList section */
	};
	rootObject = FA1068651FB76D4A00D92072 /* Project object */;
}
